// !$*UTF8*$!
{
	archiveVersion = 1;
	classes = {
	};
	objectVersion = 77;
	objects = {

/* Begin PBXBuildFile section */
		8BD87BBF2D90D4FC003CF6ED /* FirebaseAuth in Frameworks */ = {isa = PBXBuildFile; productRef = 8BD87BBE2D90D4FC003CF6ED /* FirebaseAuth */; };
		8BD87BC12D90D4FC003CF6ED /* FirebaseCore in Frameworks */ = {isa = PBXBuildFile; productRef = 8BD87BC02D90D4FC003CF6ED /* FirebaseCore */; };
		8BD87BC32D90D4FC003CF6ED /* FirebaseDatabase in Frameworks */ = {isa = PBXBuildFile; productRef = 8BD87BC22D90D4FC003CF6ED /* FirebaseDatabase */; };
		8BD87BC52D90D4FC003CF6ED /* FirebaseFirestore in Frameworks */ = {isa = PBXBuildFile; productRef = 8BD87BC42D90D4FC003CF6ED /* FirebaseFirestore */; };
		8BD87BC72D90D4FC003CF6ED /* FirebaseFunctions in Frameworks */ = {isa = PBXBuildFile; productRef = 8BD87BC62D90D4FC003CF6ED /* FirebaseFunctions */; };
		8BD87BC92D90D4FC003CF6ED /* FirebaseMessaging in Frameworks */ = {isa = PBXBuildFile; productRef = 8BD87BC82D90D4FC003CF6ED /* FirebaseMessaging */; };
		8BD87BCB2D90D4FC003CF6ED /* FirebaseStorage in Frameworks */ = {isa = PBXBuildFile; productRef = 8BD87BCA2D90D4FC003CF6ED /* FirebaseStorage */; };
/* End PBXBuildFile section */

/* Begin PBXFileReference section */
		8BD87BAA2D90CC5C003CF6ED /* TalkGlobal.app */ = {isa = PBXFileReference; explicitFileType = wrapper.application; includeInIndex = 0; path = TalkGlobal.app; sourceTree = BUILT_PRODUCTS_DIR; };
/* End PBXFileReference section */

/* Begin PBXFileSystemSynchronizedRootGroup section */
		8BD87BAC2D90CC5C003CF6ED /* TalkGlobal */ = {
			isa = PBXFileSystemSynchronizedRootGroup;
			path = TalkGlobal;
			sourceTree = "<group>";
		};
/* End PBXFileSystemSynchronizedRootGroup section */

/* Begin PBXFrameworksBuildPhase section */
		8BD87BA72D90CC5C003CF6ED /* Frameworks */ = {
			isa = PBXFrameworksBuildPhase;
			buildActionMask = 2147483647;
			files = (
				8BD87BC92D90D4FC003CF6ED /* FirebaseMessaging in Frameworks */,
				8BD87BC32D90D4FC003CF6ED /* FirebaseDatabase in Frameworks */,
				8BD87BC52D90D4FC003CF6ED /* FirebaseFirestore in Frameworks */,
				8BD87BC72D90D4FC003CF6ED /* FirebaseFunctions in Frameworks */,
				8BD87BCB2D90D4FC003CF6ED /* FirebaseStorage in Frameworks */,
				8BD87BC12D90D4FC003CF6ED /* FirebaseCore in Frameworks */,
				8BD87BBF2D90D4FC003CF6ED /* FirebaseAuth in Frameworks */,
			);
			runOnlyForDeploymentPostprocessing = 0;
		};
/* End PBXFrameworksBuildPhase section */

/* Begin PBXGroup section */
		8BD87BA12D90CC5C003CF6ED = {
			isa = PBXGroup;
			children = (
				8BD87BAC2D90CC5C003CF6ED /* TalkGlobal */,
				8BD87BAB2D90CC5C003CF6ED /* Products */,
			);
			sourceTree = "<group>";
		};
		8BD87BAB2D90CC5C003CF6ED /* Products */ = {
			isa = PBXGroup;
			children = (
				8BD87BAA2D90CC5C003CF6ED /* TalkGlobal.app */,
			);
			name = Products;
			sourceTree = "<group>";
		};
/* End PBXGroup section */

/* Begin PBXNativeTarget section */
		8BD87BA92D90CC5C003CF6ED /* TalkGlobal */ = {
			isa = PBXNativeTarget;
			buildConfigurationList = 8BD87BB82D90CC5D003CF6ED /* Build configuration list for PBXNativeTarget "TalkGlobal" */;
			buildPhases = (
				8BD87BA62D90CC5C003CF6ED /* Sources */,
				8BD87BA72D90CC5C003CF6ED /* Frameworks */,
				8BD87BA82D90CC5C003CF6ED /* Resources */,
			);
			buildRules = (
			);
			dependencies = (
			);
			fileSystemSynchronizedGroups = (
				8BD87BAC2D90CC5C003CF6ED /* TalkGlobal */,
			);
			name = TalkGlobal;
			packageProductDependencies = (
				8BD87BBE2D90D4FC003CF6ED /* FirebaseAuth */,
				8BD87BC02D90D4FC003CF6ED /* FirebaseCore */,
				8BD87BC22D90D4FC003CF6ED /* FirebaseDatabase */,
				8BD87BC42D90D4FC003CF6ED /* FirebaseFirestore */,
				8BD87BC62D90D4FC003CF6ED /* FirebaseFunctions */,
				8BD87BC82D90D4FC003CF6ED /* FirebaseMessaging */,
				8BD87BCA2D90D4FC003CF6ED /* FirebaseStorage */,
			);
			productName = TalkGlobal;
			productReference = 8BD87BAA2D90CC5C003CF6ED /* TalkGlobal.app */;
			productType = "com.apple.product-type.application";
		};
/* End PBXNativeTarget section */

/* Begin PBXProject section */
		8BD87BA22D90CC5C003CF6ED /* Project object */ = {
			isa = PBXProject;
			attributes = {
				BuildIndependentTargetsInParallel = 1;
				LastSwiftUpdateCheck = 1620;
				LastUpgradeCheck = 1620;
				TargetAttributes = {
					8BD87BA92D90CC5C003CF6ED = {
						CreatedOnToolsVersion = 16.2;
					};
				};
			};
			buildConfigurationList = 8BD87BA52D90CC5C003CF6ED /* Build configuration list for PBXProject "TalkGlobal" */;
			developmentRegion = en;
			hasScannedForEncodings = 0;
			knownRegions = (
				en,
				Base,
			);
			mainGroup = 8BD87BA12D90CC5C003CF6ED;
			minimizedProjectReferenceProxies = 1;
			packageReferences = (
				8BD87BBD2D90D4FC003CF6ED /* XCRemoteSwiftPackageReference "firebase-ios-sdk" */,
			);
			preferredProjectObjectVersion = 77;
			productRefGroup = 8BD87BAB2D90CC5C003CF6ED /* Products */;
			projectDirPath = "";
			projectRoot = "";
			targets = (
				8BD87BA92D90CC5C003CF6ED /* TalkGlobal */,
			);
		};
/* End PBXProject section */

/* Begin PBXResourcesBuildPhase section */
		8BD87BA82D90CC5C003CF6ED /* Resources */ = {
			isa = PBXResourcesBuildPhase;
			buildActionMask = 2147483647;
			files = (
			);
			runOnlyForDeploymentPostprocessing = 0;
		};
/* End PBXResourcesBuildPhase section */

/* Begin PBXSourcesBuildPhase section */
		8BD87BA62D90CC5C003CF6ED /* Sources */ = {
			isa = PBXSourcesBuildPhase;
			buildActionMask = 2147483647;
			files = (
			);
			runOnlyForDeploymentPostprocessing = 0;
		};
/* End PBXSourcesBuildPhase section */

/* Begin XCBuildConfiguration section */
		8BD87BB62D90CC5D003CF6ED /* Debug */ = {
			isa = XCBuildConfiguration;
			buildSettings = {
				ALWAYS_SEARCH_USER_PATHS = NO;
				ASSETCATALOG_COMPILER_GENERATE_SWIFT_ASSET_SYMBOL_EXTENSIONS = YES;
				CLANG_ANALYZER_NONNULL = YES;
				CLANG_ANALYZER_NUMBER_OBJECT_CONVERSION = YES_AGGRESSIVE;
				CLANG_CXX_LANGUAGE_STANDARD = "gnu++20";
				CLANG_ENABLE_MODULES = YES;
				CLANG_ENABLE_OBJC_ARC = YES;
				CLANG_ENABLE_OBJC_WEAK = YES;
				CLANG_WARN_BLOCK_CAPTURE_AUTORELEASING = YES;
				CLANG_WARN_BOOL_CONVERSION = YES;
				CLANG_WARN_COMMA = YES;
				CLANG_WARN_CONSTANT_CONVERSION = YES;
				CLANG_WARN_DEPRECATED_OBJC_IMPLEMENTATIONS = YES;
				CLANG_WARN_DIRECT_OBJC_ISA_USAGE = YES_ERROR;
				CLANG_WARN_DOCUMENTATION_COMMENTS = YES;
				CLANG_WARN_EMPTY_BODY = YES;
				CLANG_WARN_ENUM_CONVERSION = YES;
				CLANG_WARN_INFINITE_RECURSION = YES;
				CLANG_WARN_INT_CONVERSION = YES;
				CLANG_WARN_NON_LITERAL_NULL_CONVERSION = YES;
				CLANG_WARN_OBJC_IMPLICIT_RETAIN_SELF = YES;
				CLANG_WARN_OBJC_LITERAL_CONVERSION = YES;
				CLANG_WARN_OBJC_ROOT_CLASS = YES_ERROR;
				CLANG_WARN_QUOTED_INCLUDE_IN_FRAMEWORK_HEADER = YES;
				CLANG_WARN_RANGE_LOOP_ANALYSIS = YES;
				CLANG_WARN_STRICT_PROTOTYPES = YES;
				CLANG_WARN_SUSPICIOUS_MOVE = YES;
				CLANG_WARN_UNGUARDED_AVAILABILITY = YES_AGGRESSIVE;
				CLANG_WARN_UNREACHABLE_CODE = YES;
				CLANG_WARN__DUPLICATE_METHOD_MATCH = YES;
				COPY_PHASE_STRIP = NO;
				DEBUG_INFORMATION_FORMAT = dwarf;
				ENABLE_STRICT_OBJC_MSGSEND = YES;
				ENABLE_TESTABILITY = YES;
				ENABLE_USER_SCRIPT_SANDBOXING = YES;
				GCC_C_LANGUAGE_STANDARD = gnu17;
				GCC_DYNAMIC_NO_PIC = NO;
				GCC_NO_COMMON_BLOCKS = YES;
				GCC_OPTIMIZATION_LEVEL = 0;
				GCC_PREPROCESSOR_DEFINITIONS = (
					"DEBUG=1",
					"$(inherited)",
				);
				GCC_WARN_64_TO_32_BIT_CONVERSION = YES;
				GCC_WARN_ABOUT_RETURN_TYPE = YES_ERROR;
				GCC_WARN_UNDECLARED_SELECTOR = YES;
				GCC_WARN_UNINITIALIZED_AUTOS = YES_AGGRESSIVE;
				GCC_WARN_UNUSED_FUNCTION = YES;
				GCC_WARN_UNUSED_VARIABLE = YES;
				IPHONEOS_DEPLOYMENT_TARGET = 18.2;
				LOCALIZATION_PREFERS_STRING_CATALOGS = YES;
				MTL_ENABLE_DEBUG_INFO = INCLUDE_SOURCE;
				MTL_FAST_MATH = YES;
				ONLY_ACTIVE_ARCH = YES;
				SDKROOT = iphoneos;
				SWIFT_ACTIVE_COMPILATION_CONDITIONS = "DEBUG $(inherited)";
				SWIFT_OPTIMIZATION_LEVEL = "-Onone";
			};
			name = Debug;
		};
		8BD87BB72D90CC5D003CF6ED /* Release */ = {
			isa = XCBuildConfiguration;
			buildSettings = {
				ALWAYS_SEARCH_USER_PATHS = NO;
				ASSETCATALOG_COMPILER_GENERATE_SWIFT_ASSET_SYMBOL_EXTENSIONS = YES;
				CLANG_ANALYZER_NONNULL = YES;
				CLANG_ANALYZER_NUMBER_OBJECT_CONVERSION = YES_AGGRESSIVE;
				CLANG_CXX_LANGUAGE_STANDARD = "gnu++20";
				CLANG_ENABLE_MODULES = YES;
				CLANG_ENABLE_OBJC_ARC = YES;
				CLANG_ENABLE_OBJC_WEAK = YES;
				CLANG_WARN_BLOCK_CAPTURE_AUTORELEASING = YES;
				CLANG_WARN_BOOL_CONVERSION = YES;
				CLANG_WARN_COMMA = YES;
				CLANG_WARN_CONSTANT_CONVERSION = YES;
				CLANG_WARN_DEPRECATED_OBJC_IMPLEMENTATIONS = YES;
				CLANG_WARN_DIRECT_OBJC_ISA_USAGE = YES_ERROR;
				CLANG_WARN_DOCUMENTATION_COMMENTS = YES;
				CLANG_WARN_EMPTY_BODY = YES;
				CLANG_WARN_ENUM_CONVERSION = YES;
				CLANG_WARN_INFINITE_RECURSION = YES;
				CLANG_WARN_INT_CONVERSION = YES;
				CLANG_WARN_NON_LITERAL_NULL_CONVERSION = YES;
				CLANG_WARN_OBJC_IMPLICIT_RETAIN_SELF = YES;
				CLANG_WARN_OBJC_LITERAL_CONVERSION = YES;
				CLANG_WARN_OBJC_ROOT_CLASS = YES_ERROR;
				CLANG_WARN_QUOTED_INCLUDE_IN_FRAMEWORK_HEADER = YES;
				CLANG_WARN_RANGE_LOOP_ANALYSIS = YES;
				CLANG_WARN_STRICT_PROTOTYPES = YES;
				CLANG_WARN_SUSPICIOUS_MOVE = YES;
				CLANG_WARN_UNGUARDED_AVAILABILITY = YES_AGGRESSIVE;
				CLANG_WARN_UNREACHABLE_CODE = YES;
				CLANG_WARN__DUPLICATE_METHOD_MATCH = YES;
				COPY_PHASE_STRIP = NO;
				DEBUG_INFORMATION_FORMAT = "dwarf-with-dsym";
				ENABLE_NS_ASSERTIONS = NO;
				ENABLE_STRICT_OBJC_MSGSEND = YES;
				ENABLE_USER_SCRIPT_SANDBOXING = YES;
				GCC_C_LANGUAGE_STANDARD = gnu17;
				GCC_NO_COMMON_BLOCKS = YES;
				GCC_WARN_64_TO_32_BIT_CONVERSION = YES;
				GCC_WARN_ABOUT_RETURN_TYPE = YES_ERROR;
				GCC_WARN_UNDECLARED_SELECTOR = YES;
				GCC_WARN_UNINITIALIZED_AUTOS = YES_AGGRESSIVE;
				GCC_WARN_UNUSED_FUNCTION = YES;
				GCC_WARN_UNUSED_VARIABLE = YES;
				IPHONEOS_DEPLOYMENT_TARGET = 18.2;
				LOCALIZATION_PREFERS_STRING_CATALOGS = YES;
				MTL_ENABLE_DEBUG_INFO = NO;
				MTL_FAST_MATH = YES;
				SDKROOT = iphoneos;
				SWIFT_COMPILATION_MODE = wholemodule;
				VALIDATE_PRODUCT = YES;
			};
			name = Release;
		};
		8BD87BB92D90CC5D003CF6ED /* Debug */ = {
			isa = XCBuildConfiguration;
			buildSettings = {
				ASSETCATALOG_COMPILER_APPICON_NAME = AppIcon;
				ASSETCATALOG_COMPILER_GLOBAL_ACCENT_COLOR_NAME = AccentColor;
				CODE_SIGN_STYLE = Automatic;
				CURRENT_PROJECT_VERSION = 1;
				DEVELOPMENT_ASSET_PATHS = "\"TalkGlobal/Preview Content\"";
				DEVELOPMENT_TEAM = PXMQVM7LXJ;
				ENABLE_PREVIEWS = YES;
				GENERATE_INFOPLIST_FILE = YES;
				INFOPLIST_KEY_UIApplicationSceneManifest_Generation = YES;
				INFOPLIST_KEY_UIApplicationSupportsIndirectInputEvents = YES;
				INFOPLIST_KEY_UILaunchScreen_Generation = YES;
				INFOPLIST_KEY_UISupportedInterfaceOrientations_iPad = "UIInterfaceOrientationPortrait UIInterfaceOrientationPortraitUpsideDown UIInterfaceOrientationLandscapeLeft UIInterfaceOrientationLandscapeRight";
				INFOPLIST_KEY_UISupportedInterfaceOrientations_iPhone = "UIInterfaceOrientationPortrait UIInterfaceOrientationLandscapeLeft UIInterfaceOrientationLandscapeRight";
				LD_RUNPATH_SEARCH_PATHS = (
					"$(inherited)",
					"@executable_path/Frameworks",
				);
				MARKETING_VERSION = 1.0;
				PRODUCT_BUNDLE_IDENTIFIER = com.birajdahal.TalkGlobal;
				PRODUCT_NAME = "$(TARGET_NAME)";
				SWIFT_EMIT_LOC_STRINGS = YES;
				SWIFT_VERSION = 5.0;
				TARGETED_DEVICE_FAMILY = "1,2";
			};
			name = Debug;
		};
		8BD87BBA2D90CC5D003CF6ED /* Release */ = {
			isa = XCBuildConfiguration;
			buildSettings = {
				ASSETCATALOG_COMPILER_APPICON_NAME = AppIcon;
				ASSETCATALOG_COMPILER_GLOBAL_ACCENT_COLOR_NAME = AccentColor;
				CODE_SIGN_STYLE = Automatic;
				CURRENT_PROJECT_VERSION = 1;
				DEVELOPMENT_ASSET_PATHS = "\"TalkGlobal/Preview Content\"";
				DEVELOPMENT_TEAM = PXMQVM7LXJ;
				ENABLE_PREVIEWS = YES;
				GENERATE_INFOPLIST_FILE = YES;
				INFOPLIST_KEY_UIApplicationSceneManifest_Generation = YES;
				INFOPLIST_KEY_UIApplicationSupportsIndirectInputEvents = YES;
				INFOPLIST_KEY_UILaunchScreen_Generation = YES;
				INFOPLIST_KEY_UISupportedInterfaceOrientations_iPad = "UIInterfaceOrientationPortrait UIInterfaceOrientationPortraitUpsideDown UIInterfaceOrientationLandscapeLeft UIInterfaceOrientationLandscapeRight";
				INFOPLIST_KEY_UISupportedInterfaceOrientations_iPhone = "UIInterfaceOrientationPortrait UIInterfaceOrientationLandscapeLeft UIInterfaceOrientationLandscapeRight";
				LD_RUNPATH_SEARCH_PATHS = (
					"$(inherited)",
					"@executable_path/Frameworks",
				);
				MARKETING_VERSION = 1.0;
				PRODUCT_BUNDLE_IDENTIFIER = com.birajdahal.TalkGlobal;
				PRODUCT_NAME = "$(TARGET_NAME)";
				SWIFT_EMIT_LOC_STRINGS = YES;
				SWIFT_VERSION = 5.0;
				TARGETED_DEVICE_FAMILY = "1,2";
			};
			name = Release;
		};
/* End XCBuildConfiguration section */

/* Begin XCConfigurationList section */
		8BD87BA52D90CC5C003CF6ED /* Build configuration list for PBXProject "TalkGlobal" */ = {
			isa = XCConfigurationList;
			buildConfigurations = (
				8BD87BB62D90CC5D003CF6ED /* Debug */,
				8BD87BB72D90CC5D003CF6ED /* Release */,
			);
			defaultConfigurationIsVisible = 0;
			defaultConfigurationName = Release;
		};
		8BD87BB82D90CC5D003CF6ED /* Build configuration list for PBXNativeTarget "TalkGlobal" */ = {
			isa = XCConfigurationList;
			buildConfigurations = (
				8BD87BB92D90CC5D003CF6ED /* Debug */,
				8BD87BBA2D90CC5D003CF6ED /* Release */,
			);
			defaultConfigurationIsVisible = 0;
			defaultConfigurationName = Release;
		};
/* End XCConfigurationList section */

/* Begin XCRemoteSwiftPackageReference section */
		8BD87BBD2D90D4FC003CF6ED /* XCRemoteSwiftPackageReference "firebase-ios-sdk" */ = {
			isa = XCRemoteSwiftPackageReference;
			repositoryURL = "https://github.com/firebase/firebase-ios-sdk";
			requirement = {
				kind = upToNextMajorVersion;
				minimumVersion = 11.10.0;
			};
		};
/* End XCRemoteSwiftPackageReference section */

/* Begin XCSwiftPackageProductDependency section */
		8BD87BBE2D90D4FC003CF6ED /* FirebaseAuth */ = {
			isa = XCSwiftPackageProductDependency;
			package = 8BD87BBD2D90D4FC003CF6ED /* XCRemoteSwiftPackageReference "firebase-ios-sdk" */;
			productName = FirebaseAuth;
		};
		8BD87BC02D90D4FC003CF6ED /* FirebaseCore */ = {
			isa = XCSwiftPackageProductDependency;
			package = 8BD87BBD2D90D4FC003CF6ED /* XCRemoteSwiftPackageReference "firebase-ios-sdk" */;
			productName = FirebaseCore;
		};
		8BD87BC22D90D4FC003CF6ED /* FirebaseDatabase */ = {
			isa = XCSwiftPackageProductDependency;
			package = 8BD87BBD2D90D4FC003CF6ED /* XCRemoteSwiftPackageReference "firebase-ios-sdk" */;
			productName = FirebaseDatabase;
		};
		8BD87BC42D90D4FC003CF6ED /* FirebaseFirestore */ = {
			isa = XCSwiftPackageProductDependency;
			package = 8BD87BBD2D90D4FC003CF6ED /* XCRemoteSwiftPackageReference "firebase-ios-sdk" */;
			productName = FirebaseFirestore;
		};
		8BD87BC62D90D4FC003CF6ED /* FirebaseFunctions */ = {
			isa = XCSwiftPackageProductDependency;
			package = 8BD87BBD2D90D4FC003CF6ED /* XCRemoteSwiftPackageReference "firebase-ios-sdk" */;
			productName = FirebaseFunctions;
		};
		8BD87BC82D90D4FC003CF6ED /* FirebaseMessaging */ = {
			isa = XCSwiftPackageProductDependency;
			package = 8BD87BBD2D90D4FC003CF6ED /* XCRemoteSwiftPackageReference "firebase-ios-sdk" */;
			productName = FirebaseMessaging;
		};
		8BD87BCA2D90D4FC003CF6ED /* FirebaseStorage */ = {
			isa = XCSwiftPackageProductDependency;
			package = 8BD87BBD2D90D4FC003CF6ED /* XCRemoteSwiftPackageReference "firebase-ios-sdk" */;
			productName = FirebaseStorage;
		};
/* End XCSwiftPackageProductDependency section */
	};
	rootObject = 8BD87BA22D90CC5C003CF6ED /* Project object */;
}
